
Microsoft Visual Studio Solution File, Format Version 12.00
# Visual Studio 15
VisualStudioVersion = 15.0.27703.2042
MinimumVisualStudioVersion = 10.0.40219.1
Project("{FAE04EC0-301F-11D3-BF4B-00C04F79EFBC}") = "InputF8", "InputF8\InputF8.csproj", "{35F48FE3-94D0-4C7C-BB29-C7A8CBF6B8A5}"
EndProject
Global
	GlobalSection(SolutionConfigurationPlatforms) = preSolution
		Debug|Any CPU = Debug|Any CPU
		Release|Any CPU = Release|Any CPU
	EndGlobalSection
	GlobalSection(ProjectConfigurationPlatforms) = postSolution
		{35F48FE3-94D0-4C7C-BB29-C7A8CBF6B8A5}.Debug|Any CPU.ActiveCfg = Debug|Any CPU
		{35F48FE3-94D0-4C7C-BB29-C7A8CBF6B8A5}.Debug|Any CPU.Build.0 = Debug|Any CPU
		{35F48FE3-94D0-4C7C-BB29-C7A8CBF6B8A5}.Release|Any CPU.ActiveCfg = Release|Any CPU
		{35F48FE3-94D0-4C7C-BB29-C7A8CBF6B8A5}.Release|Any CPU.Build.0 = Release|Any CPU
	EndGlobalSection
	GlobalSection(SolutionProperties) = preSolution
		HideSolutionNode = FALSE
	EndGlobalSection
	GlobalSection(ExtensibilityGlobals) = postSolution
		SolutionGuid = {857301DD-D53C-4902-B619-BD7D381ECFA0}
	EndGlobalSection
EndGlobal
